%{
  "bcrypt": {:hex, :bcrypt, "1.0.2", "6735f66d3a7309af166ce660161009b7d9b9216508b8b2e6a0a9090af35cb757", [:rebar3], [], "hexpm"},
  "bear": {:hex, :bear, "0.8.7", "16264309ae5d005d03718a5c82641fcc259c9e8f09adeb6fd79ca4271168656f", [:rebar3], [], "hexpm"},
  "bert": {:hex, :bert, "0.1.0", "a87d6693515070a9b287c1043cb7e5b2406be0357685022764bfbd2609703555", [:rebar3], [], "hexpm"},
  "cf": {:hex, :cf, "0.3.1", "5cb902239476e141ea70a740340233782d363a31eea8ad37049561542e6cd641", [:rebar3], [], "hexpm"},
  "cowboy": {:hex, :cowboy, "2.6.3", "99aa50e94e685557cad82e704457336a453d4abcb77839ad22dbe71f311fcc06", [:rebar3], [{:cowlib, "~> 2.7.3", [hex: :cowlib, repo: "hexpm", optional: false]}, {:ranch, "~> 1.7.1", [hex: :ranch, repo: "hexpm", optional: false]}], "hexpm"},
  "cowlib": {:hex, :cowlib, "2.7.3", "a7ffcd0917e6d50b4d5fb28e9e2085a0ceb3c97dea310505f7460ff5ed764ce9", [:rebar3], [], "hexpm"},
  "cowmachine": {:hex, :cowmachine, "1.2.2", "6157e1551f46816102d52e17e10672363fde7a4fbcfbf761a6f2738962410a8f", [:rebar3], [{:cowboy, "2.6.3", [hex: :cowboy, repo: "hexpm", optional: false]}, {:zotonic_stdlib, "1.0.1", [hex: :zotonic_stdlib, repo: "hexpm", optional: false]}], "hexpm"},
  "depcache": {:hex, :depcache, "1.5.0", "e7bcc07e647a43ce65e9683f0668a08b347f7208d437db7231ca3aa4c9d1a3ae", [:rebar3], [], "hexpm"},
  "dh_date": {:hex, :dh_date, "1.0.0", "5b0c286665e160de44132552931bef06b5cb2244d5bd20e333a686e9d8bf92e3", [:rebar3], [], "hexpm"},
  "diffy": {:hex, :diffy, "1.0.0", "1584c5ca54ff796eeaa00149d842db580695d2843fb4bf0c279e017a37734e26", [:rebar3], [{:proper, "1.2.0", [hex: :proper, repo: "hexpm", optional: false]}, {:zotonic_stdlib, "1.0.0-alpha2", [hex: :zotonic_stdlib, repo: "hexpm", optional: false]}], "hexpm"},
  "dispatch_compiler": {:git, "https://github.com/zotonic/dispatch_compiler.git", "0f4cf388c28e0634adb767621f026bbf58dc6b1c", [branch: "master"]},
  "edown": {:hex, :edown, "0.8.1", "7333b6f6b7bbc736c263e9ceb8261667d7c8f7d92e251829f1a9fe8f24e7b694", [:rebar3], [], "hexpm"},
  "eiconv": {:hex, :eiconv, "1.0.0", "ee1e47ee37799a05beff7a68d61f63cccc93101833c4fb94b454c23b12a21629", [:rebar3], [], "hexpm"},
  "epgsql": {:hex, :epgsql, "3.4.0", "39d473b83d74329a88f8fb1f99ad24c7a2329fd753957c488808cb7c0fc8164e", [:rebar3], [], "hexpm"},
  "erlang_localtime": {:hex, :erlang_localtime, "1.0.0", "497dfd4d13523d3e0eecdcb8d6d59857cf642a17a6bdc6133ff906fdaf2aef21", [:rebar3], [], "hexpm"},
  "erlpass": {:hex, :erlpass, "1.0.4", "395baaf1e296b7b46c9d296c25040af1b7eb91731f208d772ba346ab4572a8fc", [:rebar3], [{:bcrypt, "1.0.0", [hex: :bcrypt, repo: "hexpm", optional: false]}], "hexpm"},
  "erlware_commons": {:hex, :erlware_commons, "1.3.1", "0ce192ad69bc6fd0880246d852d0ece17631e234878011d1586e053641ed4c04", [:rebar3], [{:cf, "~>0.3", [hex: :cf, repo: "hexpm", optional: false]}], "hexpm"},
  "exif": {:git, "https://github.com/nlfiedler/erlang-exif.git", "1f769aba13e9fdfceb0e2dbdbe9ad50ea51ffa53", [branch: "master"]},
  "exometer_core": {:hex, :exometer_core, "1.5.7", "ab97e34a5d69ab14e6ae161db4cca5b5e655e635b842f830ee6ab2cbfcfdc30a", [:rebar3], [{:folsom, "0.8.7", [hex: :folsom, repo: "hexpm", optional: false]}, {:hut, "1.2.1", [hex: :hut, repo: "hexpm", optional: false]}, {:parse_trans, "3.3.0", [hex: :parse_trans, repo: "hexpm", optional: false]}, {:setup, "2.0.2", [hex: :setup, repo: "hexpm", optional: false]}], "hexpm"},
  "filezcache": {:hex, :filezcache, "1.0.0", "77046d92bf77bc4984631a14eab54dd97c0b09ff7e14b11d4233d0287be2bc39", [:rebar3], [], "hexpm"},
  "folsom": {:hex, :folsom, "0.8.7", "a885f0aeee4c84270954c88a55a5a473d6b2c7493e32ffdc5765412dd555a951", [:rebar3], [{:bear, "0.8.7", [hex: :bear, repo: "hexpm", optional: false]}], "hexpm"},
  "gen_smtp": {:git, "https://github.com/gen-smtp/gen_smtp.git", "813d0258eeac6b9cc4ce47b7a9616ec5f8e43c80", [branch: "0.x"]},
  "goldrush": {:hex, :goldrush, "0.1.9", "f06e5d5f1277da5c413e84d5a2924174182fb108dabb39d5ec548b27424cd106", [:rebar3], [], "hexpm"},
  "gproc": {:hex, :gproc, "0.8.0", "cea02c578589c61e5341fce149ea36ccef236cc2ecac8691fba408e7ea77ec2f", [:rebar3], [], "hexpm"},
  "gun": {:hex, :gun, "1.3.1", "1489fd96018431b89f401041a9ce0b02b45265247f0fdcf71273bf087c64ea4f", [:rebar3], [{:cowlib, "~> 2.6.0", [hex: :cowlib, repo: "hexpm", optional: false]}], "hexpm"},
  "hut": {:hex, :hut, "1.2.1", "08d46679523043424870723923971889e8a34d63b2f946a35b46cf921d1236e7", [:"erlang.mk", :rebar, :rebar3], [], "hexpm"},
  "jobs": {:hex, :jobs, "0.9.0", "b2f0071531c4a48575a096fec428dcdd4555c64e5086fe521fceaf581b1f51dc", [:rebar3], [{:parse_trans, "3.3.0", [hex: :parse_trans, repo: "hexpm", optional: false]}], "hexpm"},
  "jsx": {:hex, :jsx, "2.9.0", "d2f6e5f069c00266cad52fb15d87c428579ea4d7d73a33669e12679e203329dd", [:mix, :rebar3], [], "hexpm"},
  "jsxrecord": {:hex, :jsxrecord, "1.0.2", "7b5fc4690bc029435acac73a0501a21ea85ac8838050829ccbd6df08e4cc37d1", [:rebar3], [{:jsx, "2.8.2", [hex: :jsx, repo: "hexpm", optional: false]}, {:lager, "~>3.6.2", [hex: :lager, repo: "hexpm", optional: false]}], "hexpm"},
  "keyserver": {:git, "https://github.com/channelme/keyserver.git", "a041ec0ed269299d09abc3f70a24f7f5a0a04017", [branch: "master"]},
  "lager": {:hex, :lager, "3.6.10", "6172b43ab720ac33914ccd0aeb21fdbdf88213847707d4b91e6af57b2ae5c4d2", [:rebar3], [{:goldrush, "0.1.9", [hex: :goldrush, repo: "hexpm", optional: false]}], "hexpm"},
  "meck": {:hex, :meck, "0.8.13", "ffedb39f99b0b99703b8601c6f17c7f76313ee12de6b646e671e3188401f7866", [:rebar3], [], "hexpm"},
  "mimetypes": {:hex, :mimetypes, "1.1.0", "82d455ae77558c0b839d7ef8f862fb67ad4450cd394fc728f8d894078f95b40f", [:rebar3], [], "hexpm"},
  "mochiweb": {:hex, :mochiweb, "2.18.0", "eb55f1db3e6e960fac4e6db4e2db9ec3602cc9f30b86cd1481d56545c3145d2e", [:rebar3], [], "hexpm"},
  "mqtt_packet_map": {:hex, :mqtt_packet_map, "1.1.0", "4d44c0673b936491f9be7af4908092ab902c0adfd168158dc73953a3a560c547", [:rebar3], [], "hexpm"},
  "mqtt_sessions": {:git, "https://github.com/zotonic/mqtt_sessions.git", "6fdcbb0cf50b4c4a011c7e616f9d197fd6190b19", [branch: "master"]},
  "oauth": {:git, "https://github.com/tim/erlang-oauth.git", "bd19896e31125f99ff45bb5850b1c0e74b996743", [tag: "v1.6.0"]},
  "parse_trans": {:hex, :parse_trans, "3.3.0", "09765507a3c7590a784615cfd421d101aec25098d50b89d7aa1d66646bc571c1", [:rebar3], [], "hexpm"},
  "poolboy": {:hex, :poolboy, "1.5.1", "6b46163901cfd0a1b43d692657ed9d7e599853b3b21b95ae5ae0a777cf9b6ca8", [:rebar], [], "hexpm"},
  "proper": {:hex, :proper, "1.2.0", "1466492385959412a02871505434e72e92765958c60dba144b43863554b505a4", [:make, :mix, :rebar3], [], "hexpm"},
  "qdate": {:git, "https://github.com/choptastic/qdate.git", "accda0db1afce64d1689a6192713dd69ae057e3f", [branch: "master"]},
  "qdate_localtime": {:git, "git://github.com/choptastic/qdate_localtime", "92b0438db5fcc44e47f1510236ba5cd0b14428b1", [tag: "1.1.0"]},
  "ranch": {:hex, :ranch, "1.7.1", "6b1fab51b49196860b733a49c07604465a47bdb78aa10c1c16a3d199f7f8c881", [:rebar3], [], "hexpm"},
  "recon": {:hex, :recon, "2.4.0", "901ff78b39c754fb4d6fd72dcf0dbd398967bbd2e4d59c08d4d7aa44a73de91d", [:rebar3], [], "hexpm"},
  "router": {:hex, :router, "1.0.4", "e9311b9d296b41c9484fc933efd847f87e7dcbad94dee1566fb77570ca59ef2c", [:rebar3], [], "hexpm"},
  "s3filez": {:git, "https://github.com/mworrell/s3filez.git", "b6784fd3d3a3ede278c9b9f6f187fe1e762eb793", [branch: "master"]},
  "setup": {:hex, :setup, "2.0.2", "1203f4cda11306c2e34434244576ded0a7bbfb0908d9a572356c809bd0cdf085", [:rebar3], [], "hexpm"},
  "shotgun": {:hex, :shotgun, "0.4.0", "d9931b5f78c79169984c22f573032ccafe03898c611df360c0cc9d3756517746", [:rebar], [{:gun, "1.3.1", [hex: :gun, repo: "hexpm", optional: false]}], "hexpm"},
  "sidejob": {:hex, :sidejob, "2.1.0", "5d6a7c9c620778cb1908e46b552d767df2ed4d77070bb7b5b8773d4ff18d1d37", [:rebar3], [], "hexpm"},
  "syslog": {:git, "https://github.com/Vagabond/erlang-syslog.git", "4a6c6f2c996483e86c1320e9553f91d337bcb6aa", [branch: "master"]},
  "template_compiler": {:git, "https://github.com/zotonic/template_compiler.git", "a35d8f8aee6a0bb015407e0173c39945b4273417", [branch: "master"]},
  "yamerl": {:hex, :yamerl, "0.7.0", "e51dba652dce74c20a88294130b48051ebbbb0be7d76f22de064f0f3ccf0aaf5", [:rebar3], [], "hexpm"},
  "zotonic_stdlib": {:hex, :zotonic_stdlib, "1.0.2", "a9174eb6cd6cf9036a13bb4177db425af0522a3d9bebd010aeabc21280dee738", [:rebar3], [], "hexpm"},
}
